
Microsoft Visual Studio Solution File, Format Version 12.00
# Visual Studio Version 17
VisualStudioVersion = 17.2.32516.85
MinimumVisualStudioVersion = 10.0.40219.1
Project("{9A19103F-16F7-4668-BE54-9A1E7A4F7556}") = "LetsMusic.Domain", "LetsMusic.Domain\LetsMusic.Domain.csproj", "{58F38A00-0EC8-425A-BF0D-B4C7FFC36006}"
EndProject
Project("{2150E333-8FDC-42A3-9474-1A3956D46DE8}") = "Solution Items", "Solution Items", "{6963FF25-EB96-4246-BE2F-B14236B150E4}"
	ProjectSection(SolutionItems) = preProject
		.editorconfig = .editorconfig
	EndProjectSection
EndProject
Project("{9A19103F-16F7-4668-BE54-9A1E7A4F7556}") = "LetsMusic.CrossCutting", "LetsMusic.CrossCutting\LetsMusic.CrossCutting.csproj", "{FE0457B0-6E52-43CF-939A-74D522197391}"
EndProject
Project("{9A19103F-16F7-4668-BE54-9A1E7A4F7556}") = "LetsMusic.Data", "LetsMusic.Repository\LetsMusic.Data.csproj", "{727607AE-D3C8-4447-A779-810FC1BD0657}"
EndProject
Project("{9A19103F-16F7-4668-BE54-9A1E7A4F7556}") = "LetsMusic.Api", "LetsMusic.Api\LetsMusic.Api.csproj", "{A0E066B1-E6A9-46A4-A4F4-3C370DF83B98}"
EndProject
Project("{9A19103F-16F7-4668-BE54-9A1E7A4F7556}") = "LetsMusic.Application", "LetsMusic.Application\LetsMusic.Application.csproj", "{F560814A-2E31-4F6F-BB89-5C82C061D6ED}"
EndProject
Project("{9A19103F-16F7-4668-BE54-9A1E7A4F7556}") = "LetsMusic.Tests", "LetsMusic.Tests\LetsMusic.Tests.csproj", "{F6BF67E9-88DA-4242-96DA-965D0E52688B}"
EndProject
Project("{2150E333-8FDC-42A3-9474-1A3956D46DE8}") = "1 - PRESENTATION", "1 - PRESENTATION", "{A0D8B7AB-E762-4E5C-A2EC-5B1EE3471479}"
EndProject
Project("{2150E333-8FDC-42A3-9474-1A3956D46DE8}") = "2 - APPLICATION", "2 - APPLICATION", "{6DBB0B4E-ABFB-4257-BAAE-835486F7501E}"
EndProject
Project("{2150E333-8FDC-42A3-9474-1A3956D46DE8}") = "3 - DOMAIN", "3 - DOMAIN", "{8B8556DF-25C8-4F05-ABDE-DA08B93BF861}"
EndProject
Project("{2150E333-8FDC-42A3-9474-1A3956D46DE8}") = "4 - INFRASTRUCTURE", "4 - INFRASTRUCTURE", "{C88DDEBE-82DC-4675-A987-1F45EB39BAF9}"
EndProject
Project("{2150E333-8FDC-42A3-9474-1A3956D46DE8}") = "5 - TESTS", "5 - TESTS", "{94974A7E-59DE-4B5A-BA95-B468B192F3F5}"
EndProject
Project("{2150E333-8FDC-42A3-9474-1A3956D46DE8}") = "4.1 - DATA", "4.1 - DATA", "{452E2507-1B3D-43B7-A031-843E23BE754C}"
EndProject
Project("{2150E333-8FDC-42A3-9474-1A3956D46DE8}") = "4.2 - CROSSCUTTING", "4.2 - CROSSCUTTING", "{F0C4AD95-A92B-4857-9CEA-ACED32076894}"
EndProject
Global
	GlobalSection(SolutionConfigurationPlatforms) = preSolution
		Debug|Any CPU = Debug|Any CPU
		Release|Any CPU = Release|Any CPU
	EndGlobalSection
	GlobalSection(ProjectConfigurationPlatforms) = postSolution
		{58F38A00-0EC8-425A-BF0D-B4C7FFC36006}.Debug|Any CPU.ActiveCfg = Debug|Any CPU
		{58F38A00-0EC8-425A-BF0D-B4C7FFC36006}.Debug|Any CPU.Build.0 = Debug|Any CPU
		{58F38A00-0EC8-425A-BF0D-B4C7FFC36006}.Release|Any CPU.ActiveCfg = Release|Any CPU
		{58F38A00-0EC8-425A-BF0D-B4C7FFC36006}.Release|Any CPU.Build.0 = Release|Any CPU
		{FE0457B0-6E52-43CF-939A-74D522197391}.Debug|Any CPU.ActiveCfg = Debug|Any CPU
		{FE0457B0-6E52-43CF-939A-74D522197391}.Debug|Any CPU.Build.0 = Debug|Any CPU
		{FE0457B0-6E52-43CF-939A-74D522197391}.Release|Any CPU.ActiveCfg = Release|Any CPU
		{FE0457B0-6E52-43CF-939A-74D522197391}.Release|Any CPU.Build.0 = Release|Any CPU
		{727607AE-D3C8-4447-A779-810FC1BD0657}.Debug|Any CPU.ActiveCfg = Debug|Any CPU
		{727607AE-D3C8-4447-A779-810FC1BD0657}.Debug|Any CPU.Build.0 = Debug|Any CPU
		{727607AE-D3C8-4447-A779-810FC1BD0657}.Release|Any CPU.ActiveCfg = Release|Any CPU
		{727607AE-D3C8-4447-A779-810FC1BD0657}.Release|Any CPU.Build.0 = Release|Any CPU
		{A0E066B1-E6A9-46A4-A4F4-3C370DF83B98}.Debug|Any CPU.ActiveCfg = Debug|Any CPU
		{A0E066B1-E6A9-46A4-A4F4-3C370DF83B98}.Debug|Any CPU.Build.0 = Debug|Any CPU
		{A0E066B1-E6A9-46A4-A4F4-3C370DF83B98}.Release|Any CPU.ActiveCfg = Release|Any CPU
		{A0E066B1-E6A9-46A4-A4F4-3C370DF83B98}.Release|Any CPU.Build.0 = Release|Any CPU
		{F560814A-2E31-4F6F-BB89-5C82C061D6ED}.Debug|Any CPU.ActiveCfg = Debug|Any CPU
		{F560814A-2E31-4F6F-BB89-5C82C061D6ED}.Debug|Any CPU.Build.0 = Debug|Any CPU
		{F560814A-2E31-4F6F-BB89-5C82C061D6ED}.Release|Any CPU.ActiveCfg = Release|Any CPU
		{F560814A-2E31-4F6F-BB89-5C82C061D6ED}.Release|Any CPU.Build.0 = Release|Any CPU
		{F6BF67E9-88DA-4242-96DA-965D0E52688B}.Debug|Any CPU.ActiveCfg = Debug|Any CPU
		{F6BF67E9-88DA-4242-96DA-965D0E52688B}.Debug|Any CPU.Build.0 = Debug|Any CPU
		{F6BF67E9-88DA-4242-96DA-965D0E52688B}.Release|Any CPU.ActiveCfg = Release|Any CPU
		{F6BF67E9-88DA-4242-96DA-965D0E52688B}.Release|Any CPU.Build.0 = Release|Any CPU
	EndGlobalSection
	GlobalSection(SolutionProperties) = preSolution
		HideSolutionNode = FALSE
	EndGlobalSection
	GlobalSection(NestedProjects) = preSolution
		{58F38A00-0EC8-425A-BF0D-B4C7FFC36006} = {8B8556DF-25C8-4F05-ABDE-DA08B93BF861}
		{FE0457B0-6E52-43CF-939A-74D522197391} = {F0C4AD95-A92B-4857-9CEA-ACED32076894}
		{727607AE-D3C8-4447-A779-810FC1BD0657} = {452E2507-1B3D-43B7-A031-843E23BE754C}
		{A0E066B1-E6A9-46A4-A4F4-3C370DF83B98} = {A0D8B7AB-E762-4E5C-A2EC-5B1EE3471479}
		{F560814A-2E31-4F6F-BB89-5C82C061D6ED} = {6DBB0B4E-ABFB-4257-BAAE-835486F7501E}
		{F6BF67E9-88DA-4242-96DA-965D0E52688B} = {94974A7E-59DE-4B5A-BA95-B468B192F3F5}
		{452E2507-1B3D-43B7-A031-843E23BE754C} = {C88DDEBE-82DC-4675-A987-1F45EB39BAF9}
		{F0C4AD95-A92B-4857-9CEA-ACED32076894} = {C88DDEBE-82DC-4675-A987-1F45EB39BAF9}
	EndGlobalSection
	GlobalSection(ExtensibilityGlobals) = postSolution
		SolutionGuid = {60663EF1-8A6C-4BC1-B119-50B869E58D2F}
	EndGlobalSection
EndGlobal
